Microsoft Visual Studio Solution File, Format Version 12.00
# Visual Studio Version 17
VisualStudioVersion = 17.5.2.0
MinimumVisualStudioVersion = 10.0.40219.1
Project("{FAE04EC0-301F-11D3-BF4B-00C04F79EFBC}") = "02-console_output", "02-console_output.csproj", "{8541C6A7-53D5-1216-E10D-15373E91B0C0}"
EndProject
Global
	GlobalSection(SolutionConfigurationPlatforms) = preSolution
		Debug|Any CPU = Debug|Any CPU
		Release|Any CPU = Release|Any CPU
	EndGlobalSection
	GlobalSection(ProjectConfigurationPlatforms) = postSolution
		{8541C6A7-53D5-1216-E10D-15373E91B0C0}.Debug|Any CPU.ActiveCfg = Debug|Any CPU
		{8541C6A7-53D5-1216-E10D-15373E91B0C0}.Debug|Any CPU.Build.0 = Debug|Any CPU
		{8541C6A7-53D5-1216-E10D-15373E91B0C0}.Release|Any CPU.ActiveCfg = Release|Any CPU
		{8541C6A7-53D5-1216-E10D-15373E91B0C0}.Release|Any CPU.Build.0 = Release|Any CPU
	EndGlobalSection
	GlobalSection(SolutionProperties) = preSolution
		HideSolutionNode = FALSE
	EndGlobalSection
	GlobalSection(ExtensibilityGlobals) = postSolution
		SolutionGuid = {8CCA4C3E-DE71-4107-ADDE-466B9FE6A34E}
	EndGlobalSection
EndGlobal
