Microsoft Visual Studio Solution File, Format Version 12.00
# Visual Studio Version 17
VisualStudioVersion = 17.5.2.0
MinimumVisualStudioVersion = 10.0.40219.1
Project("{FAE04EC0-301F-11D3-BF4B-00C04F79EFBC}") = "13-simple_calculator", "13-simple_calculator.csproj", "{035EC5BC-5DE9-70BB-34E1-E9AA01224EDF}"
EndProject
Global
	GlobalSection(SolutionConfigurationPlatforms) = preSolution
		Debug|Any CPU = Debug|Any CPU
		Release|Any CPU = Release|Any CPU
	EndGlobalSection
	GlobalSection(ProjectConfigurationPlatforms) = postSolution
		{035EC5BC-5DE9-70BB-34E1-E9AA01224EDF}.Debug|Any CPU.ActiveCfg = Debug|Any CPU
		{035EC5BC-5DE9-70BB-34E1-E9AA01224EDF}.Debug|Any CPU.Build.0 = Debug|Any CPU
		{035EC5BC-5DE9-70BB-34E1-E9AA01224EDF}.Release|Any CPU.ActiveCfg = Release|Any CPU
		{035EC5BC-5DE9-70BB-34E1-E9AA01224EDF}.Release|Any CPU.Build.0 = Release|Any CPU
	EndGlobalSection
	GlobalSection(SolutionProperties) = preSolution
		HideSolutionNode = FALSE
	EndGlobalSection
	GlobalSection(ExtensibilityGlobals) = postSolution
		SolutionGuid = {C98F85DF-9C03-47EA-8948-86911F1539EB}
	EndGlobalSection
EndGlobal
