Microsoft Visual Studio Solution File, Format Version 12.00
# Visual Studio Version 17
VisualStudioVersion = 17.5.2.0
MinimumVisualStudioVersion = 10.0.40219.1
Project("{FAE04EC0-301F-11D3-BF4B-00C04F79EFBC}") = "19-params_keyword", "19-params_keyword.csproj", "{CBEAC272-1928-E84F-C374-12B7B54979DA}"
EndProject
Global
	GlobalSection(SolutionConfigurationPlatforms) = preSolution
		Debug|Any CPU = Debug|Any CPU
		Release|Any CPU = Release|Any CPU
	EndGlobalSection
	GlobalSection(ProjectConfigurationPlatforms) = postSolution
		{CBEAC272-1928-E84F-C374-12B7B54979DA}.Debug|Any CPU.ActiveCfg = Debug|Any CPU
		{CBEAC272-1928-E84F-C374-12B7B54979DA}.Debug|Any CPU.Build.0 = Debug|Any CPU
		{CBEAC272-1928-E84F-C374-12B7B54979DA}.Release|Any CPU.ActiveCfg = Release|Any CPU
		{CBEAC272-1928-E84F-C374-12B7B54979DA}.Release|Any CPU.Build.0 = Release|Any CPU
	EndGlobalSection
	GlobalSection(SolutionProperties) = preSolution
		HideSolutionNode = FALSE
	EndGlobalSection
	GlobalSection(ExtensibilityGlobals) = postSolution
		SolutionGuid = {B224D7DF-4107-44F6-90A7-E940A307FD44}
	EndGlobalSection
EndGlobal
