Microsoft Visual Studio Solution File, Format Version 12.00
# Visual Studio Version 17
VisualStudioVersion = 17.5.2.0
MinimumVisualStudioVersion = 10.0.40219.1
Project("{FAE04EC0-301F-11D3-BF4B-00C04F79EFBC}") = "20-exception_handling", "20-exception_handling.csproj", "{7BC4F797-B0CC-DC2D-4B93-3F83113DC3F6}"
EndProject
Global
	GlobalSection(SolutionConfigurationPlatforms) = preSolution
		Debug|Any CPU = Debug|Any CPU
		Release|Any CPU = Release|Any CPU
	EndGlobalSection
	GlobalSection(ProjectConfigurationPlatforms) = postSolution
		{7BC4F797-B0CC-DC2D-4B93-3F83113DC3F6}.Debug|Any CPU.ActiveCfg = Debug|Any CPU
		{7BC4F797-B0CC-DC2D-4B93-3F83113DC3F6}.Debug|Any CPU.Build.0 = Debug|Any CPU
		{7BC4F797-B0CC-DC2D-4B93-3F83113DC3F6}.Release|Any CPU.ActiveCfg = Release|Any CPU
		{7BC4F797-B0CC-DC2D-4B93-3F83113DC3F6}.Release|Any CPU.Build.0 = Release|Any CPU
	EndGlobalSection
	GlobalSection(SolutionProperties) = preSolution
		HideSolutionNode = FALSE
	EndGlobalSection
	GlobalSection(ExtensibilityGlobals) = postSolution
		SolutionGuid = {39FA7CA6-C602-497C-B23A-00CDA98486FB}
	EndGlobalSection
EndGlobal
