Microsoft Visual Studio Solution File, Format Version 12.00
# Visual Studio Version 17
VisualStudioVersion = 17.5.2.0
MinimumVisualStudioVersion = 10.0.40219.1
Project("{FAE04EC0-301F-11D3-BF4B-00C04F79EFBC}") = "12-rock_paper_scissors_game", "12-rock_paper_scissors_game.csproj", "{B23D31BF-F150-ACFC-B93D-550E04A448AD}"
EndProject
Global
	GlobalSection(SolutionConfigurationPlatforms) = preSolution
		Debug|Any CPU = Debug|Any CPU
		Release|Any CPU = Release|Any CPU
	EndGlobalSection
	GlobalSection(ProjectConfigurationPlatforms) = postSolution
		{B23D31BF-F150-ACFC-B93D-550E04A448AD}.Debug|Any CPU.ActiveCfg = Debug|Any CPU
		{B23D31BF-F150-ACFC-B93D-550E04A448AD}.Debug|Any CPU.Build.0 = Debug|Any CPU
		{B23D31BF-F150-ACFC-B93D-550E04A448AD}.Release|Any CPU.ActiveCfg = Release|Any CPU
		{B23D31BF-F150-ACFC-B93D-550E04A448AD}.Release|Any CPU.Build.0 = Release|Any CPU
	EndGlobalSection
	GlobalSection(SolutionProperties) = preSolution
		HideSolutionNode = FALSE
	EndGlobalSection
	GlobalSection(ExtensibilityGlobals) = postSolution
		SolutionGuid = {20D06CDE-0BA1-4792-A4C0-73D79CFE07CA}
	EndGlobalSection
EndGlobal
