Microsoft Visual Studio Solution File, Format Version 12.00
# Visual Studio Version 17
VisualStudioVersion = 17.5.2.0
MinimumVisualStudioVersion = 10.0.40219.1
Project("{FAE04EC0-301F-11D3-BF4B-00C04F79EFBC}") = "05-userinput", "05-userinput.csproj", "{AAAF0792-6DE4-027C-CB4E-39EE0EF09B48}"
EndProject
Global
	GlobalSection(SolutionConfigurationPlatforms) = preSolution
		Debug|Any CPU = Debug|Any CPU
		Release|Any CPU = Release|Any CPU
	EndGlobalSection
	GlobalSection(ProjectConfigurationPlatforms) = postSolution
		{AAAF0792-6DE4-027C-CB4E-39EE0EF09B48}.Debug|Any CPU.ActiveCfg = Debug|Any CPU
		{AAAF0792-6DE4-027C-CB4E-39EE0EF09B48}.Debug|Any CPU.Build.0 = Debug|Any CPU
		{AAAF0792-6DE4-027C-CB4E-39EE0EF09B48}.Release|Any CPU.ActiveCfg = Release|Any CPU
		{AAAF0792-6DE4-027C-CB4E-39EE0EF09B48}.Release|Any CPU.Build.0 = Release|Any CPU
	EndGlobalSection
	GlobalSection(SolutionProperties) = preSolution
		HideSolutionNode = FALSE
	EndGlobalSection
	GlobalSection(ExtensibilityGlobals) = postSolution
		SolutionGuid = {78E2E8D9-5946-474F-9ED2-429C45E4FBD8}
	EndGlobalSection
EndGlobal
