Microsoft Visual Studio Solution File, Format Version 12.00
# Visual Studio Version 17
VisualStudioVersion = 17.5.2.0
MinimumVisualStudioVersion = 10.0.40219.1
Project("{FAE04EC0-301F-11D3-BF4B-00C04F79EFBC}") = "07-string_methods", "07-string_methods.csproj", "{427BDA6D-BDE3-0290-A8D9-B95FA44B65A5}"
EndProject
Global
	GlobalSection(SolutionConfigurationPlatforms) = preSolution
		Debug|Any CPU = Debug|Any CPU
		Release|Any CPU = Release|Any CPU
	EndGlobalSection
	GlobalSection(ProjectConfigurationPlatforms) = postSolution
		{427BDA6D-BDE3-0290-A8D9-B95FA44B65A5}.Debug|Any CPU.ActiveCfg = Debug|Any CPU
		{427BDA6D-BDE3-0290-A8D9-B95FA44B65A5}.Debug|Any CPU.Build.0 = Debug|Any CPU
		{427BDA6D-BDE3-0290-A8D9-B95FA44B65A5}.Release|Any CPU.ActiveCfg = Release|Any CPU
		{427BDA6D-BDE3-0290-A8D9-B95FA44B65A5}.Release|Any CPU.Build.0 = Release|Any CPU
	EndGlobalSection
	GlobalSection(SolutionProperties) = preSolution
		HideSolutionNode = FALSE
	EndGlobalSection
	GlobalSection(ExtensibilityGlobals) = postSolution
		SolutionGuid = {FBE38DE5-6D70-49D6-9FCB-D15700A9C6BE}
	EndGlobalSection
EndGlobal
