Microsoft Visual Studio Solution File, Format Version 12.00
# Visual Studio Version 17
VisualStudioVersion = 17.5.2.0
MinimumVisualStudioVersion = 10.0.40219.1
Project("{FAE04EC0-301F-11D3-BF4B-00C04F79EFBC}") = "18-method_overloading", "18-method_overloading.csproj", "{7ADE7029-8AE4-3559-A62E-C4C8888A166F}"
EndProject
Global
	GlobalSection(SolutionConfigurationPlatforms) = preSolution
		Debug|Any CPU = Debug|Any CPU
		Release|Any CPU = Release|Any CPU
	EndGlobalSection
	GlobalSection(ProjectConfigurationPlatforms) = postSolution
		{7ADE7029-8AE4-3559-A62E-C4C8888A166F}.Debug|Any CPU.ActiveCfg = Debug|Any CPU
		{7ADE7029-8AE4-3559-A62E-C4C8888A166F}.Debug|Any CPU.Build.0 = Debug|Any CPU
		{7ADE7029-8AE4-3559-A62E-C4C8888A166F}.Release|Any CPU.ActiveCfg = Release|Any CPU
		{7ADE7029-8AE4-3559-A62E-C4C8888A166F}.Release|Any CPU.Build.0 = Release|Any CPU
	EndGlobalSection
	GlobalSection(SolutionProperties) = preSolution
		HideSolutionNode = FALSE
	EndGlobalSection
	GlobalSection(ExtensibilityGlobals) = postSolution
		SolutionGuid = {DB66EB09-71B3-46C9-9FBB-61BD36FF9618}
	EndGlobalSection
EndGlobal
